
Microsoft Visual Studio Solution File, Format Version 12.00
# Visual Studio 15
VisualStudioVersion = 15.0.27004.2005
MinimumVisualStudioVersion = 10.0.40219.1
Project("{FAE04EC0-301F-11D3-BF4B-00C04F79EFBC}") = "AngularWizards", "Wizards\AngularWizards.csproj", "{5084AEF6-5C6E-40CA-A715-93E832936551}"
EndProject
Project("{FAE04EC0-301F-11D3-BF4B-00C04F79EFBC}") = "AngularTemplates", "AngularComponentTemplate\AngularTemplates.csproj", "{A98583A2-55BE-44EC-8821-CD2257E2C053}"
EndProject
Project("{FAE04EC0-301F-11D3-BF4B-00C04F79EFBC}") = "AngularTemplatesExtension", "TemplatesExtension\AngularTemplatesExtension.csproj", "{613E9349-E78E-46B8-8865-C403F30895C1}"
EndProject
Project("{2150E333-8FDC-42A3-9474-1A3956D46DE8}") = "Solution Items", "Solution Items", "{BA1FF838-97C9-4ADE-8079-E3F9C4B64689}"
	ProjectSection(SolutionItems) = preProject
		.gitignore = .gitignore
		LICENSE = LICENSE
		README.md = README.md
	EndProjectSection
EndProject
Global
	GlobalSection(SolutionConfigurationPlatforms) = preSolution
		Debug|Any CPU = Debug|Any CPU
		Release|Any CPU = Release|Any CPU
	EndGlobalSection
	GlobalSection(ProjectConfigurationPlatforms) = postSolution
		{5084AEF6-5C6E-40CA-A715-93E832936551}.Debug|Any CPU.ActiveCfg = Debug|Any CPU
		{5084AEF6-5C6E-40CA-A715-93E832936551}.Debug|Any CPU.Build.0 = Debug|Any CPU
		{5084AEF6-5C6E-40CA-A715-93E832936551}.Release|Any CPU.ActiveCfg = Release|Any CPU
		{5084AEF6-5C6E-40CA-A715-93E832936551}.Release|Any CPU.Build.0 = Release|Any CPU
		{A98583A2-55BE-44EC-8821-CD2257E2C053}.Debug|Any CPU.ActiveCfg = Debug|Any CPU
		{A98583A2-55BE-44EC-8821-CD2257E2C053}.Debug|Any CPU.Build.0 = Debug|Any CPU
		{A98583A2-55BE-44EC-8821-CD2257E2C053}.Release|Any CPU.ActiveCfg = Release|Any CPU
		{A98583A2-55BE-44EC-8821-CD2257E2C053}.Release|Any CPU.Build.0 = Release|Any CPU
		{613E9349-E78E-46B8-8865-C403F30895C1}.Debug|Any CPU.ActiveCfg = Debug|Any CPU
		{613E9349-E78E-46B8-8865-C403F30895C1}.Debug|Any CPU.Build.0 = Debug|Any CPU
		{613E9349-E78E-46B8-8865-C403F30895C1}.Release|Any CPU.ActiveCfg = Release|Any CPU
		{613E9349-E78E-46B8-8865-C403F30895C1}.Release|Any CPU.Build.0 = Release|Any CPU
	EndGlobalSection
	GlobalSection(SolutionProperties) = preSolution
		HideSolutionNode = FALSE
	EndGlobalSection
	GlobalSection(ExtensibilityGlobals) = postSolution
		SolutionGuid = {302C9579-47F2-4024-8652-38608F19EDBF}
	EndGlobalSection
EndGlobal
